
Microsoft Visual Studio Solution File, Format Version 12.00
# Visual Studio Version 16
VisualStudioVersion = 16.0.29519.181
MinimumVisualStudioVersion = 10.0.40219.1
Project("{8BC9CEB8-8B4A-11D0-8D11-00A0C91BC942}") = "Turing machine", "Turing machine\Turing machine.vcxproj", "{DD4056D1-A07A-48F2-A739-F51A0CA4C7AC}"
EndProject
Global
	GlobalSection(SolutionConfigurationPlatforms) = preSolution
		Debug|x64 = Debug|x64
		Debug|x86 = Debug|x86
		Release|x64 = Release|x64
		Release|x86 = Release|x86
	EndGlobalSection
	GlobalSection(ProjectConfigurationPlatforms) = postSolution
		{DD4056D1-A07A-48F2-A739-F51A0CA4C7AC}.Debug|x64.ActiveCfg = Debug|x64
		{DD4056D1-A07A-48F2-A739-F51A0CA4C7AC}.Debug|x64.Build.0 = Debug|x64
		{DD4056D1-A07A-48F2-A739-F51A0CA4C7AC}.Debug|x86.ActiveCfg = Debug|Win32
		{DD4056D1-A07A-48F2-A739-F51A0CA4C7AC}.Debug|x86.Build.0 = Debug|Win32
		{DD4056D1-A07A-48F2-A739-F51A0CA4C7AC}.Release|x64.ActiveCfg = Release|x64
		{DD4056D1-A07A-48F2-A739-F51A0CA4C7AC}.Release|x64.Build.0 = Release|x64
		{DD4056D1-A07A-48F2-A739-F51A0CA4C7AC}.Release|x86.ActiveCfg = Release|Win32
		{DD4056D1-A07A-48F2-A739-F51A0CA4C7AC}.Release|x86.Build.0 = Release|Win32
	EndGlobalSection
	GlobalSection(SolutionProperties) = preSolution
		HideSolutionNode = FALSE
	EndGlobalSection
	GlobalSection(ExtensibilityGlobals) = postSolution
		SolutionGuid = {21DDD5B8-E224-42F7-8438-C4800F0B2B03}
	EndGlobalSection
EndGlobal
